
Microsoft Visual Studio Solution File, Format Version 12.00
# Visual Studio Version 17
VisualStudioVersion = 17.0.32112.339
MinimumVisualStudioVersion = 10.0.40219.1
Project("{FAE04EC0-301F-11D3-BF4B-00C04F79EFBC}") = "Stylo6MTKGoodies", "Stylo6MTKGoodies\Stylo6MTKGoodies.csproj", "{96F27CDC-E621-46AB-914D-2BF78CDE061B}"
EndProject
Project("{2150E333-8FDC-42A3-9474-1A3956D46DE8}") = "Solution Items", "Solution Items", "{EA24D11E-27F0-49BF-8E37-CE0668DFB1A6}"
	ProjectSection(SolutionItems) = preProject
		README.md = README.md
	EndProjectSection
EndProject
Project("{FAE04EC0-301F-11D3-BF4B-00C04F79EFBC}") = "Installer", "Installer\Installer.csproj", "{B20BAA53-A27C-4847-BA34-09AD72C5153C}"
EndProject
Project("{FAE04EC0-301F-11D3-BF4B-00C04F79EFBC}") = "Uninstaller", "Uninstaller\Uninstaller.csproj", "{F15E20D0-3989-4793-BCF5-49D2393B5A59}"
EndProject
Project("{FAE04EC0-301F-11D3-BF4B-00C04F79EFBC}") = "COMPortScanner", "COMPortScanner\COMPortScanner.csproj", "{C0F2711D-8767-427E-9187-CAD7EA311177}"
EndProject
Project("{FAE04EC0-301F-11D3-BF4B-00C04F79EFBC}") = "ADB", "ADB\ADB.csproj", "{AFE748E5-955D-4E0D-8B50-4A0DEEF02AD2}"
EndProject
Global
	GlobalSection(SolutionConfigurationPlatforms) = preSolution
		Debug|Any CPU = Debug|Any CPU
		Debug|x64 = Debug|x64
		Debug|x86 = Debug|x86
		Release|Any CPU = Release|Any CPU
		Release|x64 = Release|x64
		Release|x86 = Release|x86
	EndGlobalSection
	GlobalSection(ProjectConfigurationPlatforms) = postSolution
		{96F27CDC-E621-46AB-914D-2BF78CDE061B}.Debug|Any CPU.ActiveCfg = Debug|Any CPU
		{96F27CDC-E621-46AB-914D-2BF78CDE061B}.Debug|Any CPU.Build.0 = Debug|Any CPU
		{96F27CDC-E621-46AB-914D-2BF78CDE061B}.Debug|x64.ActiveCfg = Debug|Any CPU
		{96F27CDC-E621-46AB-914D-2BF78CDE061B}.Debug|x64.Build.0 = Debug|Any CPU
		{96F27CDC-E621-46AB-914D-2BF78CDE061B}.Debug|x86.ActiveCfg = Debug|Any CPU
		{96F27CDC-E621-46AB-914D-2BF78CDE061B}.Debug|x86.Build.0 = Debug|Any CPU
		{96F27CDC-E621-46AB-914D-2BF78CDE061B}.Release|Any CPU.ActiveCfg = Release|Any CPU
		{96F27CDC-E621-46AB-914D-2BF78CDE061B}.Release|Any CPU.Build.0 = Release|Any CPU
		{96F27CDC-E621-46AB-914D-2BF78CDE061B}.Release|x64.ActiveCfg = Release|Any CPU
		{96F27CDC-E621-46AB-914D-2BF78CDE061B}.Release|x64.Build.0 = Release|Any CPU
		{96F27CDC-E621-46AB-914D-2BF78CDE061B}.Release|x86.ActiveCfg = Release|Any CPU
		{96F27CDC-E621-46AB-914D-2BF78CDE061B}.Release|x86.Build.0 = Release|Any CPU
		{B20BAA53-A27C-4847-BA34-09AD72C5153C}.Debug|Any CPU.ActiveCfg = Debug|Any CPU
		{B20BAA53-A27C-4847-BA34-09AD72C5153C}.Debug|Any CPU.Build.0 = Debug|Any CPU
		{B20BAA53-A27C-4847-BA34-09AD72C5153C}.Debug|x64.ActiveCfg = Debug|x64
		{B20BAA53-A27C-4847-BA34-09AD72C5153C}.Debug|x64.Build.0 = Debug|x64
		{B20BAA53-A27C-4847-BA34-09AD72C5153C}.Debug|x86.ActiveCfg = Debug|x86
		{B20BAA53-A27C-4847-BA34-09AD72C5153C}.Debug|x86.Build.0 = Debug|x86
		{B20BAA53-A27C-4847-BA34-09AD72C5153C}.Release|Any CPU.ActiveCfg = Release|Any CPU
		{B20BAA53-A27C-4847-BA34-09AD72C5153C}.Release|Any CPU.Build.0 = Release|Any CPU
		{B20BAA53-A27C-4847-BA34-09AD72C5153C}.Release|x64.ActiveCfg = Release|x64
		{B20BAA53-A27C-4847-BA34-09AD72C5153C}.Release|x64.Build.0 = Release|x64
		{B20BAA53-A27C-4847-BA34-09AD72C5153C}.Release|x86.ActiveCfg = Release|x86
		{B20BAA53-A27C-4847-BA34-09AD72C5153C}.Release|x86.Build.0 = Release|x86
		{F15E20D0-3989-4793-BCF5-49D2393B5A59}.Debug|Any CPU.ActiveCfg = Debug|Any CPU
		{F15E20D0-3989-4793-BCF5-49D2393B5A59}.Debug|Any CPU.Build.0 = Debug|Any CPU
		{F15E20D0-3989-4793-BCF5-49D2393B5A59}.Debug|x64.ActiveCfg = Debug|x64
		{F15E20D0-3989-4793-BCF5-49D2393B5A59}.Debug|x64.Build.0 = Debug|x64
		{F15E20D0-3989-4793-BCF5-49D2393B5A59}.Debug|x86.ActiveCfg = Debug|x86
		{F15E20D0-3989-4793-BCF5-49D2393B5A59}.Debug|x86.Build.0 = Debug|x86
		{F15E20D0-3989-4793-BCF5-49D2393B5A59}.Release|Any CPU.ActiveCfg = Release|Any CPU
		{F15E20D0-3989-4793-BCF5-49D2393B5A59}.Release|Any CPU.Build.0 = Release|Any CPU
		{F15E20D0-3989-4793-BCF5-49D2393B5A59}.Release|x64.ActiveCfg = Release|x64
		{F15E20D0-3989-4793-BCF5-49D2393B5A59}.Release|x64.Build.0 = Release|x64
		{F15E20D0-3989-4793-BCF5-49D2393B5A59}.Release|x86.ActiveCfg = Release|x86
		{F15E20D0-3989-4793-BCF5-49D2393B5A59}.Release|x86.Build.0 = Release|x86
		{C0F2711D-8767-427E-9187-CAD7EA311177}.Debug|Any CPU.ActiveCfg = Debug|Any CPU
		{C0F2711D-8767-427E-9187-CAD7EA311177}.Debug|Any CPU.Build.0 = Debug|Any CPU
		{C0F2711D-8767-427E-9187-CAD7EA311177}.Debug|x64.ActiveCfg = Debug|Any CPU
		{C0F2711D-8767-427E-9187-CAD7EA311177}.Debug|x64.Build.0 = Debug|Any CPU
		{C0F2711D-8767-427E-9187-CAD7EA311177}.Debug|x86.ActiveCfg = Debug|Any CPU
		{C0F2711D-8767-427E-9187-CAD7EA311177}.Debug|x86.Build.0 = Debug|Any CPU
		{C0F2711D-8767-427E-9187-CAD7EA311177}.Release|Any CPU.ActiveCfg = Release|Any CPU
		{C0F2711D-8767-427E-9187-CAD7EA311177}.Release|Any CPU.Build.0 = Release|Any CPU
		{C0F2711D-8767-427E-9187-CAD7EA311177}.Release|x64.ActiveCfg = Release|Any CPU
		{C0F2711D-8767-427E-9187-CAD7EA311177}.Release|x64.Build.0 = Release|Any CPU
		{C0F2711D-8767-427E-9187-CAD7EA311177}.Release|x86.ActiveCfg = Release|Any CPU
		{C0F2711D-8767-427E-9187-CAD7EA311177}.Release|x86.Build.0 = Release|Any CPU
		{AFE748E5-955D-4E0D-8B50-4A0DEEF02AD2}.Debug|Any CPU.ActiveCfg = Debug|Any CPU
		{AFE748E5-955D-4E0D-8B50-4A0DEEF02AD2}.Debug|Any CPU.Build.0 = Debug|Any CPU
		{AFE748E5-955D-4E0D-8B50-4A0DEEF02AD2}.Debug|x64.ActiveCfg = Debug|Any CPU
		{AFE748E5-955D-4E0D-8B50-4A0DEEF02AD2}.Debug|x64.Build.0 = Debug|Any CPU
		{AFE748E5-955D-4E0D-8B50-4A0DEEF02AD2}.Debug|x86.ActiveCfg = Debug|Any CPU
		{AFE748E5-955D-4E0D-8B50-4A0DEEF02AD2}.Debug|x86.Build.0 = Debug|Any CPU
		{AFE748E5-955D-4E0D-8B50-4A0DEEF02AD2}.Release|Any CPU.ActiveCfg = Release|Any CPU
		{AFE748E5-955D-4E0D-8B50-4A0DEEF02AD2}.Release|Any CPU.Build.0 = Release|Any CPU
		{AFE748E5-955D-4E0D-8B50-4A0DEEF02AD2}.Release|x64.ActiveCfg = Release|Any CPU
		{AFE748E5-955D-4E0D-8B50-4A0DEEF02AD2}.Release|x64.Build.0 = Release|Any CPU
		{AFE748E5-955D-4E0D-8B50-4A0DEEF02AD2}.Release|x86.ActiveCfg = Release|Any CPU
		{AFE748E5-955D-4E0D-8B50-4A0DEEF02AD2}.Release|x86.Build.0 = Release|Any CPU
	EndGlobalSection
	GlobalSection(SolutionProperties) = preSolution
		HideSolutionNode = FALSE
	EndGlobalSection
	GlobalSection(ExtensibilityGlobals) = postSolution
		SolutionGuid = {7DAE0CFB-9998-4F41-903F-E00CCFDE73D7}
	EndGlobalSection
EndGlobal
